// !$*UTF8*$!
{
	archiveVersion = 1;
	classes = {
	};
	objectVersion = 50;
	objects = {

/* Begin PBXBuildFile section */
		054B1D0E22CDAB3800F0B112 /* AppDelegate.swift in Sources */ = {isa = PBXBuildFile; fileRef = 054B1D0D22CDAB3800F0B112 /* AppDelegate.swift */; };
		054B1D1022CDAB3800F0B112 /* ViewController.swift in Sources */ = {isa = PBXBuildFile; fileRef = 054B1D0F22CDAB3800F0B112 /* ViewController.swift */; };
		054B1D1322CDAB3800F0B112 /* Main.storyboard in Resources */ = {isa = PBXBuildFile; fileRef = 054B1D1122CDAB3800F0B112 /* Main.storyboard */; };
		054B1D1522CDAB3A00F0B112 /* Assets.xcassets in Resources */ = {isa = PBXBuildFile; fileRef = 054B1D1422CDAB3A00F0B112 /* Assets.xcassets */; };
		054B1D1822CDAB3A00F0B112 /* LaunchScreen.storyboard in Resources */ = {isa = PBXBuildFile; fileRef = 054B1D1622CDAB3A00F0B112 /* LaunchScreen.storyboard */; };
		054B1D2322CDAB3A00F0B112 /* Go_JekContactAppTests.swift in Sources */ = {isa = PBXBuildFile; fileRef = 054B1D2222CDAB3A00F0B112 /* Go_JekContactAppTests.swift */; };
		054B1D2E22CDAB3A00F0B112 /* Go_JekContactAppUITests.swift in Sources */ = {isa = PBXBuildFile; fileRef = 054B1D2D22CDAB3A00F0B112 /* Go_JekContactAppUITests.swift */; };
		054B1D3D22CDABD500F0B112 /* Constants.swift in Sources */ = {isa = PBXBuildFile; fileRef = 054B1D3C22CDABD500F0B112 /* Constants.swift */; };
		054B1D4222CDB8D300F0B112 /* NetworkServiceManager.swift in Sources */ = {isa = PBXBuildFile; fileRef = 054B1D4122CDB8D300F0B112 /* NetworkServiceManager.swift */; };
		054B1D4422CDB9A000F0B112 /* NetworkObject.swift in Sources */ = {isa = PBXBuildFile; fileRef = 054B1D4322CDB9A000F0B112 /* NetworkObject.swift */; };
		054B1D4722CDBBFB00F0B112 /* DataError.swift in Sources */ = {isa = PBXBuildFile; fileRef = 054B1D4622CDBBFB00F0B112 /* DataError.swift */; };
		054B1D4922CDBC7600F0B112 /* NetworkObjectProtocol.swift in Sources */ = {isa = PBXBuildFile; fileRef = 054B1D4822CDBC7600F0B112 /* NetworkObjectProtocol.swift */; };
		054B1D4B22CDBCB100F0B112 /* NetworkServiceHandler.swift in Sources */ = {isa = PBXBuildFile; fileRef = 054B1D4A22CDBCB100F0B112 /* NetworkServiceHandler.swift */; };
		054B1D4D22CDBD7000F0B112 /* URLSessionManager.swift in Sources */ = {isa = PBXBuildFile; fileRef = 054B1D4C22CDBD7000F0B112 /* URLSessionManager.swift */; };
		054B1D4F22CDBDAD00F0B112 /* URLSessionManagerProtocol.swift in Sources */ = {isa = PBXBuildFile; fileRef = 054B1D4E22CDBDAD00F0B112 /* URLSessionManagerProtocol.swift */; };
		054B1D5222CDC0FC00F0B112 /* ContactManager.swift in Sources */ = {isa = PBXBuildFile; fileRef = 054B1D5122CDC0FC00F0B112 /* ContactManager.swift */; };
		054B1D5422CDC10C00F0B112 /* ContactManagerProtocol.swift in Sources */ = {isa = PBXBuildFile; fileRef = 054B1D5322CDC10C00F0B112 /* ContactManagerProtocol.swift */; };
		054B1D5922CDC1A000F0B112 /* ContactModelProtocol.swift in Sources */ = {isa = PBXBuildFile; fileRef = 054B1D5822CDC1A000F0B112 /* ContactModelProtocol.swift */; };
		054B1D5B22CDC1B400F0B112 /* Contact.swift in Sources */ = {isa = PBXBuildFile; fileRef = 054B1D5A22CDC1B400F0B112 /* Contact.swift */; };
		054B1D5D22CDC1DC00F0B112 /* DataInitializer.swift in Sources */ = {isa = PBXBuildFile; fileRef = 054B1D5C22CDC1DC00F0B112 /* DataInitializer.swift */; };
		054B1D5F22CDC2BF00F0B112 /* NetworkDataDownloaderProtocol.swift in Sources */ = {isa = PBXBuildFile; fileRef = 054B1D5E22CDC2BF00F0B112 /* NetworkDataDownloaderProtocol.swift */; };
		054B1D6222CDC31D00F0B112 /* DataBuilder.swift in Sources */ = {isa = PBXBuildFile; fileRef = 054B1D6122CDC31D00F0B112 /* DataBuilder.swift */; };
		054B1D6422CDC38500F0B112 /* ViewAccessorProtocol.swift in Sources */ = {isa = PBXBuildFile; fileRef = 054B1D6322CDC38500F0B112 /* ViewAccessorProtocol.swift */; };
		054B1D6622CDC3F900F0B112 /* ContactViewModel.swift in Sources */ = {isa = PBXBuildFile; fileRef = 054B1D6522CDC3F900F0B112 /* ContactViewModel.swift */; };
		054B1D6822CDC43800F0B112 /* ContactViewModelProtocol.swift in Sources */ = {isa = PBXBuildFile; fileRef = 054B1D6722CDC43800F0B112 /* ContactViewModelProtocol.swift */; };
		054B1D6B22CDC47400F0B112 /* Utility.swift in Sources */ = {isa = PBXBuildFile; fileRef = 054B1D6A22CDC47400F0B112 /* Utility.swift */; };
		054B1D6E22CDC5C800F0B112 /* CustomControl.swift in Sources */ = {isa = PBXBuildFile; fileRef = 054B1D6D22CDC5C800F0B112 /* CustomControl.swift */; };
		054B1D7022CDC5E400F0B112 /* CustomControl.xib in Resources */ = {isa = PBXBuildFile; fileRef = 054B1D6F22CDC5E400F0B112 /* CustomControl.xib */; };
		054B1D7222CDC5F300F0B112 /* CustomControlProtocol.swift in Sources */ = {isa = PBXBuildFile; fileRef = 054B1D7122CDC5F300F0B112 /* CustomControlProtocol.swift */; };
		054B1D7422CDC69E00F0B112 /* ToastView.swift in Sources */ = {isa = PBXBuildFile; fileRef = 054B1D7322CDC69E00F0B112 /* ToastView.swift */; };
		054B1D7722CF09BC00F0B112 /* ImageDownloadingProtocol.swift in Sources */ = {isa = PBXBuildFile; fileRef = 054B1D7622CF09BC00F0B112 /* ImageDownloadingProtocol.swift */; };
		054B1D7922CF0A1100F0B112 /* ImageDownloadingStatus.swift in Sources */ = {isa = PBXBuildFile; fileRef = 054B1D7822CF0A1100F0B112 /* ImageDownloadingStatus.swift */; };
		054B1D7B22CF0A3700F0B112 /* ImageTaskHandler.swift in Sources */ = {isa = PBXBuildFile; fileRef = 054B1D7A22CF0A3700F0B112 /* ImageTaskHandler.swift */; };
		054B1D7D22CF0A5500F0B112 /* ImageDownloadTask.swift in Sources */ = {isa = PBXBuildFile; fileRef = 054B1D7C22CF0A5500F0B112 /* ImageDownloadTask.swift */; };
		054B1D7F22CF0A7300F0B112 /* ImageDownloader.swift in Sources */ = {isa = PBXBuildFile; fileRef = 054B1D7E22CF0A7300F0B112 /* ImageDownloader.swift */; };
		054B1D8222CF0B5B00F0B112 /* ImageCacheProtocol.swift in Sources */ = {isa = PBXBuildFile; fileRef = 054B1D8122CF0B5B00F0B112 /* ImageCacheProtocol.swift */; };
		054B1D8422CF0B7A00F0B112 /* ImageCaching.swift in Sources */ = {isa = PBXBuildFile; fileRef = 054B1D8322CF0B7A00F0B112 /* ImageCaching.swift */; };
		054B1D8722CF0BCF00F0B112 /* CellUpdateProtocol.swift in Sources */ = {isa = PBXBuildFile; fileRef = 054B1D8622CF0BCF00F0B112 /* CellUpdateProtocol.swift */; };
		054B1D8A22CF0C2300F0B112 /* HomeContactCell.xib in Resources */ = {isa = PBXBuildFile; fileRef = 054B1D8922CF0C2300F0B112 /* HomeContactCell.xib */; };
		054B1D8C22CF0C3100F0B112 /* HomeContactCell.swift in Sources */ = {isa = PBXBuildFile; fileRef = 054B1D8B22CF0C3100F0B112 /* HomeContactCell.swift */; };
		054B1D8F22CF0E1200F0B112 /* BaseViewController.swift in Sources */ = {isa = PBXBuildFile; fileRef = 054B1D8E22CF0E1200F0B112 /* BaseViewController.swift */; };
/* End PBXBuildFile section */

/* Begin PBXContainerItemProxy section */
		054B1D1F22CDAB3A00F0B112 /* PBXContainerItemProxy */ = {
			isa = PBXContainerItemProxy;
			containerPortal = 054B1D0222CDAB3800F0B112 /* Project object */;
			proxyType = 1;
			remoteGlobalIDString = 054B1D0922CDAB3800F0B112;
			remoteInfo = "Go-JekContactApp";
		};
		054B1D2A22CDAB3A00F0B112 /* PBXContainerItemProxy */ = {
			isa = PBXContainerItemProxy;
			containerPortal = 054B1D0222CDAB3800F0B112 /* Project object */;
			proxyType = 1;
			remoteGlobalIDString = 054B1D0922CDAB3800F0B112;
			remoteInfo = "Go-JekContactApp";
		};
/* End PBXContainerItemProxy section */

/* Begin PBXFileReference section */
		054B1D0A22CDAB3800F0B112 /* Go-JekContactApp.app */ = {isa = PBXFileReference; explicitFileType = wrapper.application; includeInIndex = 0; path = "Go-JekContactApp.app"; sourceTree = BUILT_PRODUCTS_DIR; };
		054B1D0D22CDAB3800F0B112 /* AppDelegate.swift */ = {isa = PBXFileReference; lastKnownFileType = sourcecode.swift; path = AppDelegate.swift; sourceTree = "<group>"; };
		054B1D0F22CDAB3800F0B112 /* ViewController.swift */ = {isa = PBXFileReference; lastKnownFileType = sourcecode.swift; path = ViewController.swift; sourceTree = "<group>"; };
		054B1D1222CDAB3800F0B112 /* Base */ = {isa = PBXFileReference; lastKnownFileType = file.storyboard; name = Base; path = Base.lproj/Main.storyboard; sourceTree = "<group>"; };
		054B1D1422CDAB3A00F0B112 /* Assets.xcassets */ = {isa = PBXFileReference; lastKnownFileType = folder.assetcatalog; path = Assets.xcassets; sourceTree = "<group>"; };
		054B1D1722CDAB3A00F0B112 /* Base */ = {isa = PBXFileReference; lastKnownFileType = file.storyboard; name = Base; path = Base.lproj/LaunchScreen.storyboard; sourceTree = "<group>"; };
		054B1D1922CDAB3A00F0B112 /* Info.plist */ = {isa = PBXFileReference; lastKnownFileType = text.plist.xml; path = Info.plist; sourceTree = "<group>"; };
		054B1D1E22CDAB3A00F0B112 /* Go-JekContactAppTests.xctest */ = {isa = PBXFileReference; explicitFileType = wrapper.cfbundle; includeInIndex = 0; path = "Go-JekContactAppTests.xctest"; sourceTree = BUILT_PRODUCTS_DIR; };
		054B1D2222CDAB3A00F0B112 /* Go_JekContactAppTests.swift */ = {isa = PBXFileReference; lastKnownFileType = sourcecode.swift; path = Go_JekContactAppTests.swift; sourceTree = "<group>"; };
		054B1D2422CDAB3A00F0B112 /* Info.plist */ = {isa = PBXFileReference; lastKnownFileType = text.plist.xml; path = Info.plist; sourceTree = "<group>"; };
		054B1D2922CDAB3A00F0B112 /* Go-JekContactAppUITests.xctest */ = {isa = PBXFileReference; explicitFileType = wrapper.cfbundle; includeInIndex = 0; path = "Go-JekContactAppUITests.xctest"; sourceTree = BUILT_PRODUCTS_DIR; };
		054B1D2D22CDAB3A00F0B112 /* Go_JekContactAppUITests.swift */ = {isa = PBXFileReference; lastKnownFileType = sourcecode.swift; path = Go_JekContactAppUITests.swift; sourceTree = "<group>"; };
		054B1D2F22CDAB3A00F0B112 /* Info.plist */ = {isa = PBXFileReference; lastKnownFileType = text.plist.xml; path = Info.plist; sourceTree = "<group>"; };
		054B1D3C22CDABD500F0B112 /* Constants.swift */ = {isa = PBXFileReference; lastKnownFileType = sourcecode.swift; path = Constants.swift; sourceTree = "<group>"; };
		054B1D4122CDB8D300F0B112 /* NetworkServiceManager.swift */ = {isa = PBXFileReference; lastKnownFileType = sourcecode.swift; path = NetworkServiceManager.swift; sourceTree = "<group>"; };
		054B1D4322CDB9A000F0B112 /* NetworkObject.swift */ = {isa = PBXFileReference; lastKnownFileType = sourcecode.swift; path = NetworkObject.swift; sourceTree = "<group>"; };
		054B1D4622CDBBFB00F0B112 /* DataError.swift */ = {isa = PBXFileReference; lastKnownFileType = sourcecode.swift; path = DataError.swift; sourceTree = "<group>"; };
		054B1D4822CDBC7600F0B112 /* NetworkObjectProtocol.swift */ = {isa = PBXFileReference; lastKnownFileType = sourcecode.swift; path = NetworkObjectProtocol.swift; sourceTree = "<group>"; };
		054B1D4A22CDBCB100F0B112 /* NetworkServiceHandler.swift */ = {isa = PBXFileReference; lastKnownFileType = sourcecode.swift; path = NetworkServiceHandler.swift; sourceTree = "<group>"; };
		054B1D4C22CDBD7000F0B112 /* URLSessionManager.swift */ = {isa = PBXFileReference; lastKnownFileType = sourcecode.swift; path = URLSessionManager.swift; sourceTree = "<group>"; };
		054B1D4E22CDBDAD00F0B112 /* URLSessionManagerProtocol.swift */ = {isa = PBXFileReference; lastKnownFileType = sourcecode.swift; path = URLSessionManagerProtocol.swift; sourceTree = "<group>"; };
		054B1D5122CDC0FC00F0B112 /* ContactManager.swift */ = {isa = PBXFileReference; lastKnownFileType = sourcecode.swift; path = ContactManager.swift; sourceTree = "<group>"; };
		054B1D5322CDC10C00F0B112 /* ContactManagerProtocol.swift */ = {isa = PBXFileReference; lastKnownFileType = sourcecode.swift; path = ContactManagerProtocol.swift; sourceTree = "<group>"; };
		054B1D5822CDC1A000F0B112 /* ContactModelProtocol.swift */ = {isa = PBXFileReference; lastKnownFileType = sourcecode.swift; path = ContactModelProtocol.swift; sourceTree = "<group>"; };
		054B1D5A22CDC1B400F0B112 /* Contact.swift */ = {isa = PBXFileReference; lastKnownFileType = sourcecode.swift; path = Contact.swift; sourceTree = "<group>"; };
		054B1D5C22CDC1DC00F0B112 /* DataInitializer.swift */ = {isa = PBXFileReference; lastKnownFileType = sourcecode.swift; path = DataInitializer.swift; sourceTree = "<group>"; };
		054B1D5E22CDC2BF00F0B112 /* NetworkDataDownloaderProtocol.swift */ = {isa = PBXFileReference; lastKnownFileType = sourcecode.swift; path = NetworkDataDownloaderProtocol.swift; sourceTree = "<group>"; };
		054B1D6122CDC31D00F0B112 /* DataBuilder.swift */ = {isa = PBXFileReference; lastKnownFileType = sourcecode.swift; path = DataBuilder.swift; sourceTree = "<group>"; };
		054B1D6322CDC38500F0B112 /* ViewAccessorProtocol.swift */ = {isa = PBXFileReference; lastKnownFileType = sourcecode.swift; path = ViewAccessorProtocol.swift; sourceTree = "<group>"; };
		054B1D6522CDC3F900F0B112 /* ContactViewModel.swift */ = {isa = PBXFileReference; lastKnownFileType = sourcecode.swift; path = ContactViewModel.swift; sourceTree = "<group>"; };
		054B1D6722CDC43800F0B112 /* ContactViewModelProtocol.swift */ = {isa = PBXFileReference; lastKnownFileType = sourcecode.swift; path = ContactViewModelProtocol.swift; sourceTree = "<group>"; };
		054B1D6A22CDC47400F0B112 /* Utility.swift */ = {isa = PBXFileReference; lastKnownFileType = sourcecode.swift; path = Utility.swift; sourceTree = "<group>"; };
		054B1D6D22CDC5C800F0B112 /* CustomControl.swift */ = {isa = PBXFileReference; lastKnownFileType = sourcecode.swift; path = CustomControl.swift; sourceTree = "<group>"; };
		054B1D6F22CDC5E400F0B112 /* CustomControl.xib */ = {isa = PBXFileReference; fileEncoding = 4; lastKnownFileType = file.xib; path = CustomControl.xib; sourceTree = "<group>"; };
		054B1D7122CDC5F300F0B112 /* CustomControlProtocol.swift */ = {isa = PBXFileReference; lastKnownFileType = sourcecode.swift; path = CustomControlProtocol.swift; sourceTree = "<group>"; };
		054B1D7322CDC69E00F0B112 /* ToastView.swift */ = {isa = PBXFileReference; lastKnownFileType = sourcecode.swift; path = ToastView.swift; sourceTree = "<group>"; };
		054B1D7622CF09BC00F0B112 /* ImageDownloadingProtocol.swift */ = {isa = PBXFileReference; lastKnownFileType = sourcecode.swift; path = ImageDownloadingProtocol.swift; sourceTree = "<group>"; };
		054B1D7822CF0A1100F0B112 /* ImageDownloadingStatus.swift */ = {isa = PBXFileReference; lastKnownFileType = sourcecode.swift; path = ImageDownloadingStatus.swift; sourceTree = "<group>"; };
		054B1D7A22CF0A3700F0B112 /* ImageTaskHandler.swift */ = {isa = PBXFileReference; lastKnownFileType = sourcecode.swift; path = ImageTaskHandler.swift; sourceTree = "<group>"; };
		054B1D7C22CF0A5500F0B112 /* ImageDownloadTask.swift */ = {isa = PBXFileReference; lastKnownFileType = sourcecode.swift; path = ImageDownloadTask.swift; sourceTree = "<group>"; };
		054B1D7E22CF0A7300F0B112 /* ImageDownloader.swift */ = {isa = PBXFileReference; lastKnownFileType = sourcecode.swift; path = ImageDownloader.swift; sourceTree = "<group>"; };
		054B1D8122CF0B5B00F0B112 /* ImageCacheProtocol.swift */ = {isa = PBXFileReference; lastKnownFileType = sourcecode.swift; path = ImageCacheProtocol.swift; sourceTree = "<group>"; };
		054B1D8322CF0B7A00F0B112 /* ImageCaching.swift */ = {isa = PBXFileReference; lastKnownFileType = sourcecode.swift; path = ImageCaching.swift; sourceTree = "<group>"; };
		054B1D8622CF0BCF00F0B112 /* CellUpdateProtocol.swift */ = {isa = PBXFileReference; lastKnownFileType = sourcecode.swift; path = CellUpdateProtocol.swift; sourceTree = "<group>"; };
		054B1D8922CF0C2300F0B112 /* HomeContactCell.xib */ = {isa = PBXFileReference; fileEncoding = 4; lastKnownFileType = file.xib; path = HomeContactCell.xib; sourceTree = "<group>"; };
		054B1D8B22CF0C3100F0B112 /* HomeContactCell.swift */ = {isa = PBXFileReference; lastKnownFileType = sourcecode.swift; path = HomeContactCell.swift; sourceTree = "<group>"; };
		054B1D8E22CF0E1200F0B112 /* BaseViewController.swift */ = {isa = PBXFileReference; lastKnownFileType = sourcecode.swift; path = BaseViewController.swift; sourceTree = "<group>"; };
/* End PBXFileReference section */

/* Begin PBXFrameworksBuildPhase section */
		054B1D0722CDAB3800F0B112 /* Frameworks */ = {
			isa = PBXFrameworksBuildPhase;
			buildActionMask = 2147483647;
			files = (
			);
			runOnlyForDeploymentPostprocessing = 0;
		};
		054B1D1B22CDAB3A00F0B112 /* Frameworks */ = {
			isa = PBXFrameworksBuildPhase;
			buildActionMask = 2147483647;
			files = (
			);
			runOnlyForDeploymentPostprocessing = 0;
		};
		054B1D2622CDAB3A00F0B112 /* Frameworks */ = {
			isa = PBXFrameworksBuildPhase;
			buildActionMask = 2147483647;
			files = (
			);
			runOnlyForDeploymentPostprocessing = 0;
		};
/* End PBXFrameworksBuildPhase section */

/* Begin PBXGroup section */
		054B1D0122CDAB3800F0B112 = {
			isa = PBXGroup;
			children = (
				054B1D0C22CDAB3800F0B112 /* Go-JekContactApp */,
				054B1D2122CDAB3A00F0B112 /* Go-JekContactAppTests */,
				054B1D2C22CDAB3A00F0B112 /* Go-JekContactAppUITests */,
				054B1D0B22CDAB3800F0B112 /* Products */,
			);
			sourceTree = "<group>";
		};
		054B1D0B22CDAB3800F0B112 /* Products */ = {
			isa = PBXGroup;
			children = (
				054B1D0A22CDAB3800F0B112 /* Go-JekContactApp.app */,
				054B1D1E22CDAB3A00F0B112 /* Go-JekContactAppTests.xctest */,
				054B1D2922CDAB3A00F0B112 /* Go-JekContactAppUITests.xctest */,
			);
			name = Products;
			sourceTree = "<group>";
		};
		054B1D0C22CDAB3800F0B112 /* Go-JekContactApp */ = {
			isa = PBXGroup;
			children = (
				054B1D9022CF0E3500F0B112 /* ContactDetailModule */,
				054B1D8D22CF0E0100F0B112 /* ViewControllers */,
				054B1D7522CF09A500F0B112 /* Caching */,
				054B1D6C22CDC59300F0B112 /* CustomViews */,
				054B1D6922CDC46500F0B112 /* Utility */,
				054B1D6022CDC2FE00F0B112 /* DataBuilder */,
				054B1D5522CDC14B00F0B112 /* ContactsModule */,
				054B1D5022CDC0DD00F0B112 /* ContactManager */,
				054B1D3E22CDAE1400F0B112 /* NetworkService */,
				054B1D3B22CDABBC00F0B112 /* Constants */,
				054B1D0D22CDAB3800F0B112 /* AppDelegate.swift */,
				054B1D0F22CDAB3800F0B112 /* ViewController.swift */,
				054B1D1122CDAB3800F0B112 /* Main.storyboard */,
				054B1D1422CDAB3A00F0B112 /* Assets.xcassets */,
				054B1D1622CDAB3A00F0B112 /* LaunchScreen.storyboard */,
				054B1D1922CDAB3A00F0B112 /* Info.plist */,
			);
			path = "Go-JekContactApp";
			sourceTree = "<group>";
		};
		054B1D2122CDAB3A00F0B112 /* Go-JekContactAppTests */ = {
			isa = PBXGroup;
			children = (
				054B1D2222CDAB3A00F0B112 /* Go_JekContactAppTests.swift */,
				054B1D2422CDAB3A00F0B112 /* Info.plist */,
			);
			path = "Go-JekContactAppTests";
			sourceTree = "<group>";
		};
		054B1D2C22CDAB3A00F0B112 /* Go-JekContactAppUITests */ = {
			isa = PBXGroup;
			children = (
				054B1D2D22CDAB3A00F0B112 /* Go_JekContactAppUITests.swift */,
				054B1D2F22CDAB3A00F0B112 /* Info.plist */,
			);
			path = "Go-JekContactAppUITests";
			sourceTree = "<group>";
		};
		054B1D3B22CDABBC00F0B112 /* Constants */ = {
			isa = PBXGroup;
			children = (
				054B1D3C22CDABD500F0B112 /* Constants.swift */,
			);
			path = Constants;
			sourceTree = "<group>";
		};
		054B1D3E22CDAE1400F0B112 /* NetworkService */ = {
			isa = PBXGroup;
			children = (
				054B1D4522CDBBEC00F0B112 /* Error */,
				054B1D4022CDAE3B00F0B112 /* SessionManager */,
				054B1D3F22CDAE3100F0B112 /* NetworkManager */,
			);
			path = NetworkService;
			sourceTree = "<group>";
		};
		054B1D3F22CDAE3100F0B112 /* NetworkManager */ = {
			isa = PBXGroup;
			children = (
				054B1D4122CDB8D300F0B112 /* NetworkServiceManager.swift */,
				054B1D4322CDB9A000F0B112 /* NetworkObject.swift */,
				054B1D5E22CDC2BF00F0B112 /* NetworkDataDownloaderProtocol.swift */,
				054B1D4A22CDBCB100F0B112 /* NetworkServiceHandler.swift */,
				054B1D4822CDBC7600F0B112 /* NetworkObjectProtocol.swift */,
			);
			path = NetworkManager;
			sourceTree = "<group>";
		};
		054B1D4022CDAE3B00F0B112 /* SessionManager */ = {
			isa = PBXGroup;
			children = (
				054B1D4C22CDBD7000F0B112 /* URLSessionManager.swift */,
				054B1D4E22CDBDAD00F0B112 /* URLSessionManagerProtocol.swift */,
			);
			path = SessionManager;
			sourceTree = "<group>";
		};
		054B1D4522CDBBEC00F0B112 /* Error */ = {
			isa = PBXGroup;
			children = (
				054B1D4622CDBBFB00F0B112 /* DataError.swift */,
			);
			path = Error;
			sourceTree = "<group>";
		};
		054B1D5022CDC0DD00F0B112 /* ContactManager */ = {
			isa = PBXGroup;
			children = (
				054B1D5122CDC0FC00F0B112 /* ContactManager.swift */,
				054B1D5322CDC10C00F0B112 /* ContactManagerProtocol.swift */,
			);
			path = ContactManager;
			sourceTree = "<group>";
		};
		054B1D5522CDC14B00F0B112 /* ContactsModule */ = {
			isa = PBXGroup;
			children = (
				054B1D8522CF0BC200F0B112 /* Views */,
				054B1D5722CDC18300F0B112 /* Models */,
				054B1D5622CDC17D00F0B112 /* ViewModel */,
			);
			path = ContactsModule;
			sourceTree = "<group>";
		};
		054B1D5622CDC17D00F0B112 /* ViewModel */ = {
			isa = PBXGroup;
			children = (
				054B1D6322CDC38500F0B112 /* ViewAccessorProtocol.swift */,
				054B1D6522CDC3F900F0B112 /* ContactViewModel.swift */,
				054B1D6722CDC43800F0B112 /* ContactViewModelProtocol.swift */,
			);
			path = ViewModel;
			sourceTree = "<group>";
		};
		054B1D5722CDC18300F0B112 /* Models */ = {
			isa = PBXGroup;
			children = (
				054B1D5822CDC1A000F0B112 /* ContactModelProtocol.swift */,
				054B1D5A22CDC1B400F0B112 /* Contact.swift */,
				054B1D5C22CDC1DC00F0B112 /* DataInitializer.swift */,
			);
			path = Models;
			sourceTree = "<group>";
		};
		054B1D6022CDC2FE00F0B112 /* DataBuilder */ = {
			isa = PBXGroup;
			children = (
				054B1D6122CDC31D00F0B112 /* DataBuilder.swift */,
			);
			path = DataBuilder;
			sourceTree = "<group>";
		};
		054B1D6922CDC46500F0B112 /* Utility */ = {
			isa = PBXGroup;
			children = (
				054B1D6A22CDC47400F0B112 /* Utility.swift */,
			);
			path = Utility;
			sourceTree = "<group>";
		};
		054B1D6C22CDC59300F0B112 /* CustomViews */ = {
			isa = PBXGroup;
			children = (
				054B1D6D22CDC5C800F0B112 /* CustomControl.swift */,
				054B1D6F22CDC5E400F0B112 /* CustomControl.xib */,
				054B1D7122CDC5F300F0B112 /* CustomControlProtocol.swift */,
				054B1D7322CDC69E00F0B112 /* ToastView.swift */,
			);
			path = CustomViews;
			sourceTree = "<group>";
		};
		054B1D7522CF09A500F0B112 /* Caching */ = {
			isa = PBXGroup;
			children = (
				054B1D7622CF09BC00F0B112 /* ImageDownloadingProtocol.swift */,
				054B1D7822CF0A1100F0B112 /* ImageDownloadingStatus.swift */,
				054B1D7A22CF0A3700F0B112 /* ImageTaskHandler.swift */,
				054B1D7C22CF0A5500F0B112 /* ImageDownloadTask.swift */,
				054B1D7E22CF0A7300F0B112 /* ImageDownloader.swift */,
				054B1D8022CF0B3A00F0B112 /* ImageCacher */,
			);
			path = Caching;
			sourceTree = "<group>";
		};
		054B1D8022CF0B3A00F0B112 /* ImageCacher */ = {
			isa = PBXGroup;
			children = (
				054B1D8122CF0B5B00F0B112 /* ImageCacheProtocol.swift */,
				054B1D8322CF0B7A00F0B112 /* ImageCaching.swift */,
			);
			path = ImageCacher;
			sourceTree = "<group>";
		};
		054B1D8522CF0BC200F0B112 /* Views */ = {
			isa = PBXGroup;
			children = (
				054B1D8622CF0BCF00F0B112 /* CellUpdateProtocol.swift */,
				054B1D8B22CF0C3100F0B112 /* HomeContactCell.swift */,
				054B1D8922CF0C2300F0B112 /* HomeContactCell.xib */,
			);
			path = Views;
			sourceTree = "<group>";
		};
		054B1D8D22CF0E0100F0B112 /* ViewControllers */ = {
			isa = PBXGroup;
			children = (
				054B1D8E22CF0E1200F0B112 /* BaseViewController.swift */,
			);
			path = ViewControllers;
			sourceTree = "<group>";
		};
		054B1D9022CF0E3500F0B112 /* ContactDetailModule */ = {
			isa = PBXGroup;
			children = (
			);
			path = ContactDetailModule;
			sourceTree = "<group>";
		};
/* End PBXGroup section */

/* Begin PBXNativeTarget section */
		054B1D0922CDAB3800F0B112 /* Go-JekContactApp */ = {
			isa = PBXNativeTarget;
			buildConfigurationList = 054B1D3222CDAB3A00F0B112 /* Build configuration list for PBXNativeTarget "Go-JekContactApp" */;
			buildPhases = (
				054B1D0622CDAB3800F0B112 /* Sources */,
				054B1D0722CDAB3800F0B112 /* Frameworks */,
				054B1D0822CDAB3800F0B112 /* Resources */,
			);
			buildRules = (
			);
			dependencies = (
			);
			name = "Go-JekContactApp";
			productName = "Go-JekContactApp";
			productReference = 054B1D0A22CDAB3800F0B112 /* Go-JekContactApp.app */;
			productType = "com.apple.product-type.application";
		};
		054B1D1D22CDAB3A00F0B112 /* Go-JekContactAppTests */ = {
			isa = PBXNativeTarget;
			buildConfigurationList = 054B1D3522CDAB3A00F0B112 /* Build configuration list for PBXNativeTarget "Go-JekContactAppTests" */;
			buildPhases = (
				054B1D1A22CDAB3A00F0B112 /* Sources */,
				054B1D1B22CDAB3A00F0B112 /* Frameworks */,
				054B1D1C22CDAB3A00F0B112 /* Resources */,
			);
			buildRules = (
			);
			dependencies = (
				054B1D2022CDAB3A00F0B112 /* PBXTargetDependency */,
			);
			name = "Go-JekContactAppTests";
			productName = "Go-JekContactAppTests";
			productReference = 054B1D1E22CDAB3A00F0B112 /* Go-JekContactAppTests.xctest */;
			productType = "com.apple.product-type.bundle.unit-test";
		};
		054B1D2822CDAB3A00F0B112 /* Go-JekContactAppUITests */ = {
			isa = PBXNativeTarget;
			buildConfigurationList = 054B1D3822CDAB3A00F0B112 /* Build configuration list for PBXNativeTarget "Go-JekContactAppUITests" */;
			buildPhases = (
				054B1D2522CDAB3A00F0B112 /* Sources */,
				054B1D2622CDAB3A00F0B112 /* Frameworks */,
				054B1D2722CDAB3A00F0B112 /* Resources */,
			);
			buildRules = (
			);
			dependencies = (
				054B1D2B22CDAB3A00F0B112 /* PBXTargetDependency */,
			);
			name = "Go-JekContactAppUITests";
			productName = "Go-JekContactAppUITests";
			productReference = 054B1D2922CDAB3A00F0B112 /* Go-JekContactAppUITests.xctest */;
			productType = "com.apple.product-type.bundle.ui-testing";
		};
/* End PBXNativeTarget section */

/* Begin PBXProject section */
		054B1D0222CDAB3800F0B112 /* Project object */ = {
			isa = PBXProject;
			attributes = {
				LastSwiftUpdateCheck = 1010;
				LastUpgradeCheck = 1010;
				ORGANIZATIONNAME = BSB;
				TargetAttributes = {
					054B1D0922CDAB3800F0B112 = {
						CreatedOnToolsVersion = 10.1;
					};
					054B1D1D22CDAB3A00F0B112 = {
						CreatedOnToolsVersion = 10.1;
						TestTargetID = 054B1D0922CDAB3800F0B112;
					};
					054B1D2822CDAB3A00F0B112 = {
						CreatedOnToolsVersion = 10.1;
						TestTargetID = 054B1D0922CDAB3800F0B112;
					};
				};
			};
			buildConfigurationList = 054B1D0522CDAB3800F0B112 /* Build configuration list for PBXProject "Go-JekContactApp" */;
			compatibilityVersion = "Xcode 9.3";
			developmentRegion = en;
			hasScannedForEncodings = 0;
			knownRegions = (
				en,
				Base,
			);
			mainGroup = 054B1D0122CDAB3800F0B112;
			productRefGroup = 054B1D0B22CDAB3800F0B112 /* Products */;
			projectDirPath = "";
			projectRoot = "";
			targets = (
				054B1D0922CDAB3800F0B112 /* Go-JekContactApp */,
				054B1D1D22CDAB3A00F0B112 /* Go-JekContactAppTests */,
				054B1D2822CDAB3A00F0B112 /* Go-JekContactAppUITests */,
			);
		};
/* End PBXProject section */

/* Begin PBXResourcesBuildPhase section */
		054B1D0822CDAB3800F0B112 /* Resources */ = {
			isa = PBXResourcesBuildPhase;
			buildActionMask = 2147483647;
			files = (
				054B1D1822CDAB3A00F0B112 /* LaunchScreen.storyboard in Resources */,
				054B1D1522CDAB3A00F0B112 /* Assets.xcassets in Resources */,
				054B1D7022CDC5E400F0B112 /* CustomControl.xib in Resources */,
				054B1D1322CDAB3800F0B112 /* Main.storyboard in Resources */,
				054B1D8A22CF0C2300F0B112 /* HomeContactCell.xib in Resources */,
			);
			runOnlyForDeploymentPostprocessing = 0;
		};
		054B1D1C22CDAB3A00F0B112 /* Resources */ = {
			isa = PBXResourcesBuildPhase;
			buildActionMask = 2147483647;
			files = (
			);
			runOnlyForDeploymentPostprocessing = 0;
		};
		054B1D2722CDAB3A00F0B112 /* Resources */ = {
			isa = PBXResourcesBuildPhase;
			buildActionMask = 2147483647;
			files = (
			);
			runOnlyForDeploymentPostprocessing = 0;
		};
/* End PBXResourcesBuildPhase section */

/* Begin PBXSourcesBuildPhase section */
		054B1D0622CDAB3800F0B112 /* Sources */ = {
			isa = PBXSourcesBuildPhase;
			buildActionMask = 2147483647;
			files = (
				054B1D7D22CF0A5500F0B112 /* ImageDownloadTask.swift in Sources */,
				054B1D4D22CDBD7000F0B112 /* URLSessionManager.swift in Sources */,
				054B1D8422CF0B7A00F0B112 /* ImageCaching.swift in Sources */,
				054B1D5222CDC0FC00F0B112 /* ContactManager.swift in Sources */,
				054B1D4922CDBC7600F0B112 /* NetworkObjectProtocol.swift in Sources */,
				054B1D8222CF0B5B00F0B112 /* ImageCacheProtocol.swift in Sources */,
				054B1D6822CDC43800F0B112 /* ContactViewModelProtocol.swift in Sources */,
				054B1D8F22CF0E1200F0B112 /* BaseViewController.swift in Sources */,
				054B1D7B22CF0A3700F0B112 /* ImageTaskHandler.swift in Sources */,
				054B1D4F22CDBDAD00F0B112 /* URLSessionManagerProtocol.swift in Sources */,
				054B1D6222CDC31D00F0B112 /* DataBuilder.swift in Sources */,
				054B1D5422CDC10C00F0B112 /* ContactManagerProtocol.swift in Sources */,
				054B1D7722CF09BC00F0B112 /* ImageDownloadingProtocol.swift in Sources */,
				054B1D4722CDBBFB00F0B112 /* DataError.swift in Sources */,
				054B1D6422CDC38500F0B112 /* ViewAccessorProtocol.swift in Sources */,
				054B1D6622CDC3F900F0B112 /* ContactViewModel.swift in Sources */,
				054B1D6E22CDC5C800F0B112 /* CustomControl.swift in Sources */,
				054B1D5B22CDC1B400F0B112 /* Contact.swift in Sources */,
				054B1D7222CDC5F300F0B112 /* CustomControlProtocol.swift in Sources */,
				054B1D5922CDC1A000F0B112 /* ContactModelProtocol.swift in Sources */,
				054B1D4222CDB8D300F0B112 /* NetworkServiceManager.swift in Sources */,
				054B1D7922CF0A1100F0B112 /* ImageDownloadingStatus.swift in Sources */,
				054B1D5D22CDC1DC00F0B112 /* DataInitializer.swift in Sources */,
				054B1D7422CDC69E00F0B112 /* ToastView.swift in Sources */,
				054B1D6B22CDC47400F0B112 /* Utility.swift in Sources */,
				054B1D1022CDAB3800F0B112 /* ViewController.swift in Sources */,
				054B1D5F22CDC2BF00F0B112 /* NetworkDataDownloaderProtocol.swift in Sources */,
				054B1D8C22CF0C3100F0B112 /* HomeContactCell.swift in Sources */,
				054B1D7F22CF0A7300F0B112 /* ImageDownloader.swift in Sources */,
				054B1D0E22CDAB3800F0B112 /* AppDelegate.swift in Sources */,
				054B1D3D22CDABD500F0B112 /* Constants.swift in Sources */,
				054B1D4422CDB9A000F0B112 /* NetworkObject.swift in Sources */,
				054B1D4B22CDBCB100F0B112 /* NetworkServiceHandler.swift in Sources */,
				054B1D8722CF0BCF00F0B112 /* CellUpdateProtocol.swift in Sources */,
			);
			runOnlyForDeploymentPostprocessing = 0;
		};
		054B1D1A22CDAB3A00F0B112 /* Sources */ = {
			isa = PBXSourcesBuildPhase;
			buildActionMask = 2147483647;
			files = (
				054B1D2322CDAB3A00F0B112 /* Go_JekContactAppTests.swift in Sources */,
			);
			runOnlyForDeploymentPostprocessing = 0;
		};
		054B1D2522CDAB3A00F0B112 /* Sources */ = {
			isa = PBXSourcesBuildPhase;
			buildActionMask = 2147483647;
			files = (
				054B1D2E22CDAB3A00F0B112 /* Go_JekContactAppUITests.swift in Sources */,
			);
			runOnlyForDeploymentPostprocessing = 0;
		};
/* End PBXSourcesBuildPhase section */

/* Begin PBXTargetDependency section */
		054B1D2022CDAB3A00F0B112 /* PBXTargetDependency */ = {
			isa = PBXTargetDependency;
			target = 054B1D0922CDAB3800F0B112 /* Go-JekContactApp */;
			targetProxy = 054B1D1F22CDAB3A00F0B112 /* PBXContainerItemProxy */;
		};
		054B1D2B22CDAB3A00F0B112 /* PBXTargetDependency */ = {
			isa = PBXTargetDependency;
			target = 054B1D0922CDAB3800F0B112 /* Go-JekContactApp */;
			targetProxy = 054B1D2A22CDAB3A00F0B112 /* PBXContainerItemProxy */;
		};
/* End PBXTargetDependency section */

/* Begin PBXVariantGroup section */
		054B1D1122CDAB3800F0B112 /* Main.storyboard */ = {
			isa = PBXVariantGroup;
			children = (
				054B1D1222CDAB3800F0B112 /* Base */,
			);
			name = Main.storyboard;
			sourceTree = "<group>";
		};
		054B1D1622CDAB3A00F0B112 /* LaunchScreen.storyboard */ = {
			isa = PBXVariantGroup;
			children = (
				054B1D1722CDAB3A00F0B112 /* Base */,
			);
			name = LaunchScreen.storyboard;
			sourceTree = "<group>";
		};
/* End PBXVariantGroup section */

/* Begin XCBuildConfiguration section */
		054B1D3022CDAB3A00F0B112 /* Debug */ = {
			isa = XCBuildConfiguration;
			buildSettings = {
				ALWAYS_SEARCH_USER_PATHS = NO;
				CLANG_ANALYZER_NONNULL = YES;
				CLANG_ANALYZER_NUMBER_OBJECT_CONVERSION = YES_AGGRESSIVE;
				CLANG_CXX_LANGUAGE_STANDARD = "gnu++14";
				CLANG_CXX_LIBRARY = "libc++";
				CLANG_ENABLE_MODULES = YES;
				CLANG_ENABLE_OBJC_ARC = YES;
				CLANG_ENABLE_OBJC_WEAK = YES;
				CLANG_WARN_BLOCK_CAPTURE_AUTORELEASING = YES;
				CLANG_WARN_BOOL_CONVERSION = YES;
				CLANG_WARN_COMMA = YES;
				CLANG_WARN_CONSTANT_CONVERSION = YES;
				CLANG_WARN_DEPRECATED_OBJC_IMPLEMENTATIONS = YES;
				CLANG_WARN_DIRECT_OBJC_ISA_USAGE = YES_ERROR;
				CLANG_WARN_DOCUMENTATION_COMMENTS = YES;
				CLANG_WARN_EMPTY_BODY = YES;
				CLANG_WARN_ENUM_CONVERSION = YES;
				CLANG_WARN_INFINITE_RECURSION = YES;
				CLANG_WARN_INT_CONVERSION = YES;
				CLANG_WARN_NON_LITERAL_NULL_CONVERSION = YES;
				CLANG_WARN_OBJC_IMPLICIT_RETAIN_SELF = YES;
				CLANG_WARN_OBJC_LITERAL_CONVERSION = YES;
				CLANG_WARN_OBJC_ROOT_CLASS = YES_ERROR;
				CLANG_WARN_RANGE_LOOP_ANALYSIS = YES;
				CLANG_WARN_STRICT_PROTOTYPES = YES;
				CLANG_WARN_SUSPICIOUS_MOVE = YES;
				CLANG_WARN_UNGUARDED_AVAILABILITY = YES_AGGRESSIVE;
				CLANG_WARN_UNREACHABLE_CODE = YES;
				CLANG_WARN__DUPLICATE_METHOD_MATCH = YES;
				CODE_SIGN_IDENTITY = "iPhone Developer";
				COPY_PHASE_STRIP = NO;
				DEBUG_INFORMATION_FORMAT = dwarf;
				ENABLE_STRICT_OBJC_MSGSEND = YES;
				ENABLE_TESTABILITY = YES;
				GCC_C_LANGUAGE_STANDARD = gnu11;
				GCC_DYNAMIC_NO_PIC = NO;
				GCC_NO_COMMON_BLOCKS = YES;
				GCC_OPTIMIZATION_LEVEL = 0;
				GCC_PREPROCESSOR_DEFINITIONS = (
					"DEBUG=1",
					"$(inherited)",
				);
				GCC_WARN_64_TO_32_BIT_CONVERSION = YES;
				GCC_WARN_ABOUT_RETURN_TYPE = YES_ERROR;
				GCC_WARN_UNDECLARED_SELECTOR = YES;
				GCC_WARN_UNINITIALIZED_AUTOS = YES_AGGRESSIVE;
				GCC_WARN_UNUSED_FUNCTION = YES;
				GCC_WARN_UNUSED_VARIABLE = YES;
				IPHONEOS_DEPLOYMENT_TARGET = 12.1;
				MTL_ENABLE_DEBUG_INFO = INCLUDE_SOURCE;
				MTL_FAST_MATH = YES;
				ONLY_ACTIVE_ARCH = YES;
				SDKROOT = iphoneos;
				SWIFT_ACTIVE_COMPILATION_CONDITIONS = DEBUG;
				SWIFT_OPTIMIZATION_LEVEL = "-Onone";
			};
			name = Debug;
		};
		054B1D3122CDAB3A00F0B112 /* Release */ = {
			isa = XCBuildConfiguration;
			buildSettings = {
				ALWAYS_SEARCH_USER_PATHS = NO;
				CLANG_ANALYZER_NONNULL = YES;
				CLANG_ANALYZER_NUMBER_OBJECT_CONVERSION = YES_AGGRESSIVE;
				CLANG_CXX_LANGUAGE_STANDARD = "gnu++14";
				CLANG_CXX_LIBRARY = "libc++";
				CLANG_ENABLE_MODULES = YES;
				CLANG_ENABLE_OBJC_ARC = YES;
				CLANG_ENABLE_OBJC_WEAK = YES;
				CLANG_WARN_BLOCK_CAPTURE_AUTORELEASING = YES;
				CLANG_WARN_BOOL_CONVERSION = YES;
				CLANG_WARN_COMMA = YES;
				CLANG_WARN_CONSTANT_CONVERSION = YES;
				CLANG_WARN_DEPRECATED_OBJC_IMPLEMENTATIONS = YES;
				CLANG_WARN_DIRECT_OBJC_ISA_USAGE = YES_ERROR;
				CLANG_WARN_DOCUMENTATION_COMMENTS = YES;
				CLANG_WARN_EMPTY_BODY = YES;
				CLANG_WARN_ENUM_CONVERSION = YES;
				CLANG_WARN_INFINITE_RECURSION = YES;
				CLANG_WARN_INT_CONVERSION = YES;
				CLANG_WARN_NON_LITERAL_NULL_CONVERSION = YES;
				CLANG_WARN_OBJC_IMPLICIT_RETAIN_SELF = YES;
				CLANG_WARN_OBJC_LITERAL_CONVERSION = YES;
				CLANG_WARN_OBJC_ROOT_CLASS = YES_ERROR;
				CLANG_WARN_RANGE_LOOP_ANALYSIS = YES;
				CLANG_WARN_STRICT_PROTOTYPES = YES;
				CLANG_WARN_SUSPICIOUS_MOVE = YES;
				CLANG_WARN_UNGUARDED_AVAILABILITY = YES_AGGRESSIVE;
				CLANG_WARN_UNREACHABLE_CODE = YES;
				CLANG_WARN__DUPLICATE_METHOD_MATCH = YES;
				CODE_SIGN_IDENTITY = "iPhone Developer";
				COPY_PHASE_STRIP = NO;
				DEBUG_INFORMATION_FORMAT = "dwarf-with-dsym";
				ENABLE_NS_ASSERTIONS = NO;
				ENABLE_STRICT_OBJC_MSGSEND = YES;
				GCC_C_LANGUAGE_STANDARD = gnu11;
				GCC_NO_COMMON_BLOCKS = YES;
				GCC_WARN_64_TO_32_BIT_CONVERSION = YES;
				GCC_WARN_ABOUT_RETURN_TYPE = YES_ERROR;
				GCC_WARN_UNDECLARED_SELECTOR = YES;
				GCC_WARN_UNINITIALIZED_AUTOS = YES_AGGRESSIVE;
				GCC_WARN_UNUSED_FUNCTION = YES;
				GCC_WARN_UNUSED_VARIABLE = YES;
				IPHONEOS_DEPLOYMENT_TARGET = 12.1;
				MTL_ENABLE_DEBUG_INFO = NO;
				MTL_FAST_MATH = YES;
				SDKROOT = iphoneos;
				SWIFT_COMPILATION_MODE = wholemodule;
				SWIFT_OPTIMIZATION_LEVEL = "-O";
				VALIDATE_PRODUCT = YES;
			};
			name = Release;
		};
		054B1D3322CDAB3A00F0B112 /* Debug */ = {
			isa = XCBuildConfiguration;
			buildSettings = {
				ASSETCATALOG_COMPILER_APPICON_NAME = AppIcon;
				CODE_SIGN_STYLE = Automatic;
				DEVELOPMENT_TEAM = B5BFPPV872;
				INFOPLIST_FILE = "Go-JekContactApp/Info.plist";
				LD_RUNPATH_SEARCH_PATHS = (
					"$(inherited)",
					"@executable_path/Frameworks",
				);
				PRODUCT_BUNDLE_IDENTIFIER = "com.bsb.Go-JekContactApp";
				PRODUCT_NAME = "$(TARGET_NAME)";
				SWIFT_VERSION = 4.2;
				TARGETED_DEVICE_FAMILY = "1,2";
			};
			name = Debug;
		};
		054B1D3422CDAB3A00F0B112 /* Release */ = {
			isa = XCBuildConfiguration;
			buildSettings = {
				ASSETCATALOG_COMPILER_APPICON_NAME = AppIcon;
				CODE_SIGN_STYLE = Automatic;
				DEVELOPMENT_TEAM = B5BFPPV872;
				INFOPLIST_FILE = "Go-JekContactApp/Info.plist";
				LD_RUNPATH_SEARCH_PATHS = (
					"$(inherited)",
					"@executable_path/Frameworks",
				);
				PRODUCT_BUNDLE_IDENTIFIER = "com.bsb.Go-JekContactApp";
				PRODUCT_NAME = "$(TARGET_NAME)";
				SWIFT_VERSION = 4.2;
				TARGETED_DEVICE_FAMILY = "1,2";
			};
			name = Release;
		};
		054B1D3622CDAB3A00F0B112 /* Debug */ = {
			isa = XCBuildConfiguration;
			buildSettings = {
				ALWAYS_EMBED_SWIFT_STANDARD_LIBRARIES = YES;
				BUNDLE_LOADER = "$(TEST_HOST)";
				CODE_SIGN_STYLE = Automatic;
				DEVELOPMENT_TEAM = B5BFPPV872;
				INFOPLIST_FILE = "Go-JekContactAppTests/Info.plist";
				LD_RUNPATH_SEARCH_PATHS = (
					"$(inherited)",
					"@executable_path/Frameworks",
					"@loader_path/Frameworks",
				);
				PRODUCT_BUNDLE_IDENTIFIER = "com.bsb.Go-JekContactAppTests";
				PRODUCT_NAME = "$(TARGET_NAME)";
				SWIFT_VERSION = 4.2;
				TARGETED_DEVICE_FAMILY = "1,2";
				TEST_HOST = "$(BUILT_PRODUCTS_DIR)/Go-JekContactApp.app/Go-JekContactApp";
			};
			name = Debug;
		};
		054B1D3722CDAB3A00F0B112 /* Release */ = {
			isa = XCBuildConfiguration;
			buildSettings = {
				ALWAYS_EMBED_SWIFT_STANDARD_LIBRARIES = YES;
				BUNDLE_LOADER = "$(TEST_HOST)";
				CODE_SIGN_STYLE = Automatic;
				DEVELOPMENT_TEAM = B5BFPPV872;
				INFOPLIST_FILE = "Go-JekContactAppTests/Info.plist";
				LD_RUNPATH_SEARCH_PATHS = (
					"$(inherited)",
					"@executable_path/Frameworks",
					"@loader_path/Frameworks",
				);
				PRODUCT_BUNDLE_IDENTIFIER = "com.bsb.Go-JekContactAppTests";
				PRODUCT_NAME = "$(TARGET_NAME)";
				SWIFT_VERSION = 4.2;
				TARGETED_DEVICE_FAMILY = "1,2";
				TEST_HOST = "$(BUILT_PRODUCTS_DIR)/Go-JekContactApp.app/Go-JekContactApp";
			};
			name = Release;
		};
		054B1D3922CDAB3A00F0B112 /* Debug */ = {
			isa = XCBuildConfiguration;
			buildSettings = {
				ALWAYS_EMBED_SWIFT_STANDARD_LIBRARIES = YES;
				CODE_SIGN_STYLE = Automatic;
				DEVELOPMENT_TEAM = B5BFPPV872;
				INFOPLIST_FILE = "Go-JekContactAppUITests/Info.plist";
				LD_RUNPATH_SEARCH_PATHS = (
					"$(inherited)",
					"@executable_path/Frameworks",
					"@loader_path/Frameworks",
				);
				PRODUCT_BUNDLE_IDENTIFIER = "com.bsb.Go-JekContactAppUITests";
				PRODUCT_NAME = "$(TARGET_NAME)";
				SWIFT_VERSION = 4.2;
				TARGETED_DEVICE_FAMILY = "1,2";
				TEST_TARGET_NAME = "Go-JekContactApp";
			};
			name = Debug;
		};
		054B1D3A22CDAB3A00F0B112 /* Release */ = {
			isa = XCBuildConfiguration;
			buildSettings = {
				ALWAYS_EMBED_SWIFT_STANDARD_LIBRARIES = YES;
				CODE_SIGN_STYLE = Automatic;
				DEVELOPMENT_TEAM = B5BFPPV872;
				INFOPLIST_FILE = "Go-JekContactAppUITests/Info.plist";
				LD_RUNPATH_SEARCH_PATHS = (
					"$(inherited)",
					"@executable_path/Frameworks",
					"@loader_path/Frameworks",
				);
				PRODUCT_BUNDLE_IDENTIFIER = "com.bsb.Go-JekContactAppUITests";
				PRODUCT_NAME = "$(TARGET_NAME)";
				SWIFT_VERSION = 4.2;
				TARGETED_DEVICE_FAMILY = "1,2";
				TEST_TARGET_NAME = "Go-JekContactApp";
			};
			name = Release;
		};
/* End XCBuildConfiguration section */

/* Begin XCConfigurationList section */
		054B1D0522CDAB3800F0B112 /* Build configuration list for PBXProject "Go-JekContactApp" */ = {
			isa = XCConfigurationList;
			buildConfigurations = (
				054B1D3022CDAB3A00F0B112 /* Debug */,
				054B1D3122CDAB3A00F0B112 /* Release */,
			);
			defaultConfigurationIsVisible = 0;
			defaultConfigurationName = Release;
		};
		054B1D3222CDAB3A00F0B112 /* Build configuration list for PBXNativeTarget "Go-JekContactApp" */ = {
			isa = XCConfigurationList;
			buildConfigurations = (
				054B1D3322CDAB3A00F0B112 /* Debug */,
				054B1D3422CDAB3A00F0B112 /* Release */,
			);
			defaultConfigurationIsVisible = 0;
			defaultConfigurationName = Release;
		};
		054B1D3522CDAB3A00F0B112 /* Build configuration list for PBXNativeTarget "Go-JekContactAppTests" */ = {
			isa = XCConfigurationList;
			buildConfigurations = (
				054B1D3622CDAB3A00F0B112 /* Debug */,
				054B1D3722CDAB3A00F0B112 /* Release */,
			);
			defaultConfigurationIsVisible = 0;
			defaultConfigurationName = Release;
		};
		054B1D3822CDAB3A00F0B112 /* Build configuration list for PBXNativeTarget "Go-JekContactAppUITests" */ = {
			isa = XCConfigurationList;
			buildConfigurations = (
				054B1D3922CDAB3A00F0B112 /* Debug */,
				054B1D3A22CDAB3A00F0B112 /* Release */,
			);
			defaultConfigurationIsVisible = 0;
			defaultConfigurationName = Release;
		};
/* End XCConfigurationList section */
	};
	rootObject = 054B1D0222CDAB3800F0B112 /* Project object */;
}
